
Microsoft Visual Studio Solution File, Format Version 12.00
# Visual Studio Version 17
VisualStudioVersion = 17.2.32505.173
MinimumVisualStudioVersion = 10.0.40219.1
Project("{FAE04EC0-301F-11D3-BF4B-00C04F79EFBC}") = "HotelListing1.API", "HotelListing1.API\HotelListing1.API.csproj", "{2C737769-84A2-4DD0-AEC9-DE77698682CE}"
EndProject
Global
	GlobalSection(SolutionConfigurationPlatforms) = preSolution
		Debug|Any CPU = Debug|Any CPU
		Release|Any CPU = Release|Any CPU
	EndGlobalSection
	GlobalSection(ProjectConfigurationPlatforms) = postSolution
		{2C737769-84A2-4DD0-AEC9-DE77698682CE}.Debug|Any CPU.ActiveCfg = Debug|Any CPU
		{2C737769-84A2-4DD0-AEC9-DE77698682CE}.Debug|Any CPU.Build.0 = Debug|Any CPU
		{2C737769-84A2-4DD0-AEC9-DE77698682CE}.Release|Any CPU.ActiveCfg = Release|Any CPU
		{2C737769-84A2-4DD0-AEC9-DE77698682CE}.Release|Any CPU.Build.0 = Release|Any CPU
	EndGlobalSection
	GlobalSection(SolutionProperties) = preSolution
		HideSolutionNode = FALSE
	EndGlobalSection
	GlobalSection(ExtensibilityGlobals) = postSolution
		SolutionGuid = {729EE3E6-7648-4345-AA59-7F6B333D81F2}
	EndGlobalSection
EndGlobal
